
Microsoft Visual Studio Solution File, Format Version 12.00
# Visual Studio Version 17
VisualStudioVersion = 17.5.33516.290
MinimumVisualStudioVersion = 10.0.40219.1
Project("{FAE04EC0-301F-11D3-BF4B-00C04F79EFBC}") = "pr3", "pr3.csproj", "{BA88F4DB-5213-46E6-82F7-4681C5C95103}"
EndProject
Global
	GlobalSection(SolutionConfigurationPlatforms) = preSolution
		Debug|Any CPU = Debug|Any CPU
		Release|Any CPU = Release|Any CPU
	EndGlobalSection
	GlobalSection(ProjectConfigurationPlatforms) = postSolution
		{BA88F4DB-5213-46E6-82F7-4681C5C95103}.Debug|Any CPU.ActiveCfg = Debug|Any CPU
		{BA88F4DB-5213-46E6-82F7-4681C5C95103}.Debug|Any CPU.Build.0 = Debug|Any CPU
		{BA88F4DB-5213-46E6-82F7-4681C5C95103}.Release|Any CPU.ActiveCfg = Release|Any CPU
		{BA88F4DB-5213-46E6-82F7-4681C5C95103}.Release|Any CPU.Build.0 = Release|Any CPU
	EndGlobalSection
	GlobalSection(SolutionProperties) = preSolution
		HideSolutionNode = FALSE
	EndGlobalSection
	GlobalSection(ExtensibilityGlobals) = postSolution
		SolutionGuid = {7EE7149B-5C99-4C84-B856-61C0EEA9957D}
	EndGlobalSection
EndGlobal
